# Prisma Migrate lockfile v1

20200815180844-init
20200815182220-building-addition
20200815182642-removed-links
20200815185726-name-addition-to-building
20200815192730-initiate-unit-owner-tenant
20200815194044-agent
20200815203414-auth
20200815232613-auth
20200817154018-optional-tenant
20200818140620-agent-owner-tenant-list
20200818141738-plural
20200818142201-removed-agent-and-owner-ids